
Microsoft Visual Studio Solution File, Format Version 12.00
# Visual Studio 15
VisualStudioVersion = 15.0.27422.0
MinimumVisualStudioVersion = 10.0.40219.1
Project("{FAE04EC0-301F-11D3-BF4B-00C04F79EFBC}") = "WebSocketClientEXE", "WebSocketClientEXE.csproj", "{5EB30820-9932-4BBC-BD07-C4D159ADBF5B}"
EndProject
Global
	GlobalSection(SolutionConfigurationPlatforms) = preSolution
		Debug|Any CPU = Debug|Any CPU
		Release|Any CPU = Release|Any CPU
	EndGlobalSection
	GlobalSection(ProjectConfigurationPlatforms) = postSolution
		{5EB30820-9932-4BBC-BD07-C4D159ADBF5B}.Debug|Any CPU.ActiveCfg = Debug|Any CPU
		{5EB30820-9932-4BBC-BD07-C4D159ADBF5B}.Debug|Any CPU.Build.0 = Debug|Any CPU
		{5EB30820-9932-4BBC-BD07-C4D159ADBF5B}.Release|Any CPU.ActiveCfg = Release|Any CPU
		{5EB30820-9932-4BBC-BD07-C4D159ADBF5B}.Release|Any CPU.Build.0 = Release|Any CPU
	EndGlobalSection
	GlobalSection(SolutionProperties) = preSolution
		HideSolutionNode = FALSE
	EndGlobalSection
	GlobalSection(ExtensibilityGlobals) = postSolution
		SolutionGuid = {8450EED0-A813-41D5-A1D6-F516E4952F39}
	EndGlobalSection
EndGlobal
